// !$*UTF8*$!
{
	archiveVersion = 1;
	classes = {
	};
	objectVersion = 50;
	objects = {

/* Begin PBXBuildFile section */
		119E731C218CDCED00A8B800 /* AppDelegate.swift in Sources */ = {isa = PBXBuildFile; fileRef = 119E731B218CDCED00A8B800 /* AppDelegate.swift */; };
		119E731E218CDCED00A8B800 /* ViewController.swift in Sources */ = {isa = PBXBuildFile; fileRef = 119E731D218CDCED00A8B800 /* ViewController.swift */; };
		119E7321218CDCED00A8B800 /* Main.storyboard in Resources */ = {isa = PBXBuildFile; fileRef = 119E731F218CDCED00A8B800 /* Main.storyboard */; };
		119E7323218CDCEE00A8B800 /* Assets.xcassets in Resources */ = {isa = PBXBuildFile; fileRef = 119E7322218CDCEE00A8B800 /* Assets.xcassets */; };
		119E7326218CDCEE00A8B800 /* LaunchScreen.storyboard in Resources */ = {isa = PBXBuildFile; fileRef = 119E7324218CDCEE00A8B800 /* LaunchScreen.storyboard */; };
		119E7331218CDCEE00A8B800 /* iNav_UWTests.swift in Sources */ = {isa = PBXBuildFile; fileRef = 119E7330218CDCEE00A8B800 /* iNav_UWTests.swift */; };
/* End PBXBuildFile section */

/* Begin PBXContainerItemProxy section */
		119E732D218CDCEE00A8B800 /* PBXContainerItemProxy */ = {
			isa = PBXContainerItemProxy;
			containerPortal = 119E7310218CDCED00A8B800 /* Project object */;
			proxyType = 1;
			remoteGlobalIDString = 119E7317218CDCED00A8B800;
			remoteInfo = "iNav UW";
		};
/* End PBXContainerItemProxy section */

/* Begin PBXFileReference section */
		119E7318218CDCED00A8B800 /* iNav UW.app */ = {isa = PBXFileReference; explicitFileType = wrapper.application; includeInIndex = 0; path = "iNav UW.app"; sourceTree = BUILT_PRODUCTS_DIR; };
		119E731B218CDCED00A8B800 /* AppDelegate.swift */ = {isa = PBXFileReference; lastKnownFileType = sourcecode.swift; path = AppDelegate.swift; sourceTree = "<group>"; };
		119E731D218CDCED00A8B800 /* ViewController.swift */ = {isa = PBXFileReference; lastKnownFileType = sourcecode.swift; path = ViewController.swift; sourceTree = "<group>"; };
		119E7320218CDCED00A8B800 /* Base */ = {isa = PBXFileReference; lastKnownFileType = file.storyboard; name = Base; path = Base.lproj/Main.storyboard; sourceTree = "<group>"; };
		119E7322218CDCEE00A8B800 /* Assets.xcassets */ = {isa = PBXFileReference; lastKnownFileType = folder.assetcatalog; path = Assets.xcassets; sourceTree = "<group>"; };
		119E7325218CDCEE00A8B800 /* Base */ = {isa = PBXFileReference; lastKnownFileType = file.storyboard; name = Base; path = Base.lproj/LaunchScreen.storyboard; sourceTree = "<group>"; };
		119E7327218CDCEE00A8B800 /* Info.plist */ = {isa = PBXFileReference; lastKnownFileType = text.plist.xml; path = Info.plist; sourceTree = "<group>"; };
		119E732C218CDCEE00A8B800 /* iNav UWTests.xctest */ = {isa = PBXFileReference; explicitFileType = wrapper.cfbundle; includeInIndex = 0; path = "iNav UWTests.xctest"; sourceTree = BUILT_PRODUCTS_DIR; };
		119E7330218CDCEE00A8B800 /* iNav_UWTests.swift */ = {isa = PBXFileReference; lastKnownFileType = sourcecode.swift; path = iNav_UWTests.swift; sourceTree = "<group>"; };
		119E7332218CDCEE00A8B800 /* Info.plist */ = {isa = PBXFileReference; lastKnownFileType = text.plist.xml; path = Info.plist; sourceTree = "<group>"; };
/* End PBXFileReference section */

/* Begin PBXFrameworksBuildPhase section */
		119E7315218CDCED00A8B800 /* Frameworks */ = {
			isa = PBXFrameworksBuildPhase;
			buildActionMask = 2147483647;
			files = (
			);
			runOnlyForDeploymentPostprocessing = 0;
		};
		119E7329218CDCEE00A8B800 /* Frameworks */ = {
			isa = PBXFrameworksBuildPhase;
			buildActionMask = 2147483647;
			files = (
			);
			runOnlyForDeploymentPostprocessing = 0;
		};
/* End PBXFrameworksBuildPhase section */

/* Begin PBXGroup section */
		119E730F218CDCED00A8B800 = {
			isa = PBXGroup;
			children = (
				119E731A218CDCED00A8B800 /* iNav UW */,
				119E732F218CDCEE00A8B800 /* iNav UWTests */,
				119E7319218CDCED00A8B800 /* Products */,
			);
			sourceTree = "<group>";
		};
		119E7319218CDCED00A8B800 /* Products */ = {
			isa = PBXGroup;
			children = (
				119E7318218CDCED00A8B800 /* iNav UW.app */,
				119E732C218CDCEE00A8B800 /* iNav UWTests.xctest */,
			);
			name = Products;
			sourceTree = "<group>";
		};
		119E731A218CDCED00A8B800 /* iNav UW */ = {
			isa = PBXGroup;
			children = (
				119E731B218CDCED00A8B800 /* AppDelegate.swift */,
				119E731D218CDCED00A8B800 /* ViewController.swift */,
				119E731F218CDCED00A8B800 /* Main.storyboard */,
				119E7322218CDCEE00A8B800 /* Assets.xcassets */,
				119E7324218CDCEE00A8B800 /* LaunchScreen.storyboard */,
				119E7327218CDCEE00A8B800 /* Info.plist */,
			);
			path = "iNav UW";
			sourceTree = "<group>";
		};
		119E732F218CDCEE00A8B800 /* iNav UWTests */ = {
			isa = PBXGroup;
			children = (
				119E7330218CDCEE00A8B800 /* iNav_UWTests.swift */,
				119E7332218CDCEE00A8B800 /* Info.plist */,
			);
			path = "iNav UWTests";
			sourceTree = "<group>";
		};
/* End PBXGroup section */

/* Begin PBXNativeTarget section */
		119E7317218CDCED00A8B800 /* iNav UW */ = {
			isa = PBXNativeTarget;
			buildConfigurationList = 119E7335218CDCEE00A8B800 /* Build configuration list for PBXNativeTarget "iNav UW" */;
			buildPhases = (
				119E7314218CDCED00A8B800 /* Sources */,
				119E7315218CDCED00A8B800 /* Frameworks */,
				119E7316218CDCED00A8B800 /* Resources */,
			);
			buildRules = (
			);
			dependencies = (
			);
			name = "iNav UW";
			productName = "iNav UW";
			productReference = 119E7318218CDCED00A8B800 /* iNav UW.app */;
			productType = "com.apple.product-type.application";
		};
		119E732B218CDCEE00A8B800 /* iNav UWTests */ = {
			isa = PBXNativeTarget;
			buildConfigurationList = 119E7338218CDCEE00A8B800 /* Build configuration list for PBXNativeTarget "iNav UWTests" */;
			buildPhases = (
				119E7328218CDCEE00A8B800 /* Sources */,
				119E7329218CDCEE00A8B800 /* Frameworks */,
				119E732A218CDCEE00A8B800 /* Resources */,
			);
			buildRules = (
			);
			dependencies = (
				119E732E218CDCEE00A8B800 /* PBXTargetDependency */,
			);
			name = "iNav UWTests";
			productName = "iNav UWTests";
			productReference = 119E732C218CDCEE00A8B800 /* iNav UWTests.xctest */;
			productType = "com.apple.product-type.bundle.unit-test";
		};
/* End PBXNativeTarget section */

/* Begin PBXProject section */
		119E7310218CDCED00A8B800 /* Project object */ = {
			isa = PBXProject;
			attributes = {
				LastSwiftUpdateCheck = 0940;
				LastUpgradeCheck = 0940;
				ORGANIZATIONNAME = CS506;
				TargetAttributes = {
					119E7317218CDCED00A8B800 = {
						CreatedOnToolsVersion = 9.4.1;
					};
					119E732B218CDCEE00A8B800 = {
						CreatedOnToolsVersion = 9.4.1;
						TestTargetID = 119E7317218CDCED00A8B800;
					};
				};
			};
			buildConfigurationList = 119E7313218CDCED00A8B800 /* Build configuration list for PBXProject "iNav UW" */;
			compatibilityVersion = "Xcode 9.3";
			developmentRegion = en;
			hasScannedForEncodings = 0;
			knownRegions = (
				en,
				Base,
			);
			mainGroup = 119E730F218CDCED00A8B800;
			productRefGroup = 119E7319218CDCED00A8B800 /* Products */;
			projectDirPath = "";
			projectRoot = "";
			targets = (
				119E7317218CDCED00A8B800 /* iNav UW */,
				119E732B218CDCEE00A8B800 /* iNav UWTests */,
			);
		};
/* End PBXProject section */

/* Begin PBXResourcesBuildPhase section */
		119E7316218CDCED00A8B800 /* Resources */ = {
			isa = PBXResourcesBuildPhase;
			buildActionMask = 2147483647;
			files = (
				119E7326218CDCEE00A8B800 /* LaunchScreen.storyboard in Resources */,
				119E7323218CDCEE00A8B800 /* Assets.xcassets in Resources */,
				119E7321218CDCED00A8B800 /* Main.storyboard in Resources */,
			);
			runOnlyForDeploymentPostprocessing = 0;
		};
		119E732A218CDCEE00A8B800 /* Resources */ = {
			isa = PBXResourcesBuildPhase;
			buildActionMask = 2147483647;
			files = (
			);
			runOnlyForDeploymentPostprocessing = 0;
		};
/* End PBXResourcesBuildPhase section */

/* Begin PBXSourcesBuildPhase section */
		119E7314218CDCED00A8B800 /* Sources */ = {
			isa = PBXSourcesBuildPhase;
			buildActionMask = 2147483647;
			files = (
				119E731E218CDCED00A8B800 /* ViewController.swift in Sources */,
				119E731C218CDCED00A8B800 /* AppDelegate.swift in Sources */,
			);
			runOnlyForDeploymentPostprocessing = 0;
		};
		119E7328218CDCEE00A8B800 /* Sources */ = {
			isa = PBXSourcesBuildPhase;
			buildActionMask = 2147483647;
			files = (
				119E7331218CDCEE00A8B800 /* iNav_UWTests.swift in Sources */,
			);
			runOnlyForDeploymentPostprocessing = 0;
		};
/* End PBXSourcesBuildPhase section */

/* Begin PBXTargetDependency section */
		119E732E218CDCEE00A8B800 /* PBXTargetDependency */ = {
			isa = PBXTargetDependency;
			target = 119E7317218CDCED00A8B800 /* iNav UW */;
			targetProxy = 119E732D218CDCEE00A8B800 /* PBXContainerItemProxy */;
		};
/* End PBXTargetDependency section */

/* Begin PBXVariantGroup section */
		119E731F218CDCED00A8B800 /* Main.storyboard */ = {
			isa = PBXVariantGroup;
			children = (
				119E7320218CDCED00A8B800 /* Base */,
			);
			name = Main.storyboard;
			sourceTree = "<group>";
		};
		119E7324218CDCEE00A8B800 /* LaunchScreen.storyboard */ = {
			isa = PBXVariantGroup;
			children = (
				119E7325218CDCEE00A8B800 /* Base */,
			);
			name = LaunchScreen.storyboard;
			sourceTree = "<group>";
		};
/* End PBXVariantGroup section */

/* Begin XCBuildConfiguration section */
		119E7333218CDCEE00A8B800 /* Debug */ = {
			isa = XCBuildConfiguration;
			buildSettings = {
				ALWAYS_SEARCH_USER_PATHS = NO;
				CLANG_ANALYZER_NONNULL = YES;
				CLANG_ANALYZER_NUMBER_OBJECT_CONVERSION = YES_AGGRESSIVE;
				CLANG_CXX_LANGUAGE_STANDARD = "gnu++14";
				CLANG_CXX_LIBRARY = "libc++";
				CLANG_ENABLE_MODULES = YES;
				CLANG_ENABLE_OBJC_ARC = YES;
				CLANG_ENABLE_OBJC_WEAK = YES;
				CLANG_WARN_BLOCK_CAPTURE_AUTORELEASING = YES;
				CLANG_WARN_BOOL_CONVERSION = YES;
				CLANG_WARN_COMMA = YES;
				CLANG_WARN_CONSTANT_CONVERSION = YES;
				CLANG_WARN_DEPRECATED_OBJC_IMPLEMENTATIONS = YES;
				CLANG_WARN_DIRECT_OBJC_ISA_USAGE = YES_ERROR;
				CLANG_WARN_DOCUMENTATION_COMMENTS = YES;
				CLANG_WARN_EMPTY_BODY = YES;
				CLANG_WARN_ENUM_CONVERSION = YES;
				CLANG_WARN_INFINITE_RECURSION = YES;
				CLANG_WARN_INT_CONVERSION = YES;
				CLANG_WARN_NON_LITERAL_NULL_CONVERSION = YES;
				CLANG_WARN_OBJC_IMPLICIT_RETAIN_SELF = YES;
				CLANG_WARN_OBJC_LITERAL_CONVERSION = YES;
				CLANG_WARN_OBJC_ROOT_CLASS = YES_ERROR;
				CLANG_WARN_RANGE_LOOP_ANALYSIS = YES;
				CLANG_WARN_STRICT_PROTOTYPES = YES;
				CLANG_WARN_SUSPICIOUS_MOVE = YES;
				CLANG_WARN_UNGUARDED_AVAILABILITY = YES_AGGRESSIVE;
				CLANG_WARN_UNREACHABLE_CODE = YES;
				CLANG_WARN__DUPLICATE_METHOD_MATCH = YES;
				CODE_SIGN_IDENTITY = "iPhone Developer";
				COPY_PHASE_STRIP = NO;
				DEBUG_INFORMATION_FORMAT = dwarf;
				ENABLE_STRICT_OBJC_MSGSEND = YES;
				ENABLE_TESTABILITY = YES;
				GCC_C_LANGUAGE_STANDARD = gnu11;
				GCC_DYNAMIC_NO_PIC = NO;
				GCC_NO_COMMON_BLOCKS = YES;
				GCC_OPTIMIZATION_LEVEL = 0;
				GCC_PREPROCESSOR_DEFINITIONS = (
					"DEBUG=1",
					"$(inherited)",
				);
				GCC_WARN_64_TO_32_BIT_CONVERSION = YES;
				GCC_WARN_ABOUT_RETURN_TYPE = YES_ERROR;
				GCC_WARN_UNDECLARED_SELECTOR = YES;
				GCC_WARN_UNINITIALIZED_AUTOS = YES_AGGRESSIVE;
				GCC_WARN_UNUSED_FUNCTION = YES;
				GCC_WARN_UNUSED_VARIABLE = YES;
				IPHONEOS_DEPLOYMENT_TARGET = 11.4;
				MTL_ENABLE_DEBUG_INFO = YES;
				ONLY_ACTIVE_ARCH = YES;
				SDKROOT = iphoneos;
				SWIFT_ACTIVE_COMPILATION_CONDITIONS = DEBUG;
				SWIFT_OPTIMIZATION_LEVEL = "-Onone";
			};
			name = Debug;
		};
		119E7334218CDCEE00A8B800 /* Release */ = {
			isa = XCBuildConfiguration;
			buildSettings = {
				ALWAYS_SEARCH_USER_PATHS = NO;
				CLANG_ANALYZER_NONNULL = YES;
				CLANG_ANALYZER_NUMBER_OBJECT_CONVERSION = YES_AGGRESSIVE;
				CLANG_CXX_LANGUAGE_STANDARD = "gnu++14";
				CLANG_CXX_LIBRARY = "libc++";
				CLANG_ENABLE_MODULES = YES;
				CLANG_ENABLE_OBJC_ARC = YES;
				CLANG_ENABLE_OBJC_WEAK = YES;
				CLANG_WARN_BLOCK_CAPTURE_AUTORELEASING = YES;
				CLANG_WARN_BOOL_CONVERSION = YES;
				CLANG_WARN_COMMA = YES;
				CLANG_WARN_CONSTANT_CONVERSION = YES;
				CLANG_WARN_DEPRECATED_OBJC_IMPLEMENTATIONS = YES;
				CLANG_WARN_DIRECT_OBJC_ISA_USAGE = YES_ERROR;
				CLANG_WARN_DOCUMENTATION_COMMENTS = YES;
				CLANG_WARN_EMPTY_BODY = YES;
				CLANG_WARN_ENUM_CONVERSION = YES;
				CLANG_WARN_INFINITE_RECURSION = YES;
				CLANG_WARN_INT_CONVERSION = YES;
				CLANG_WARN_NON_LITERAL_NULL_CONVERSION = YES;
				CLANG_WARN_OBJC_IMPLICIT_RETAIN_SELF = YES;
				CLANG_WARN_OBJC_LITERAL_CONVERSION = YES;
				CLANG_WARN_OBJC_ROOT_CLASS = YES_ERROR;
				CLANG_WARN_RANGE_LOOP_ANALYSIS = YES;
				CLANG_WARN_STRICT_PROTOTYPES = YES;
				CLANG_WARN_SUSPICIOUS_MOVE = YES;
				CLANG_WARN_UNGUARDED_AVAILABILITY = YES_AGGRESSIVE;
				CLANG_WARN_UNREACHABLE_CODE = YES;
				CLANG_WARN__DUPLICATE_METHOD_MATCH = YES;
				CODE_SIGN_IDENTITY = "iPhone Developer";
				COPY_PHASE_STRIP = NO;
				DEBUG_INFORMATION_FORMAT = "dwarf-with-dsym";
				ENABLE_NS_ASSERTIONS = NO;
				ENABLE_STRICT_OBJC_MSGSEND = YES;
				GCC_C_LANGUAGE_STANDARD = gnu11;
				GCC_NO_COMMON_BLOCKS = YES;
				GCC_WARN_64_TO_32_BIT_CONVERSION = YES;
				GCC_WARN_ABOUT_RETURN_TYPE = YES_ERROR;
				GCC_WARN_UNDECLARED_SELECTOR = YES;
				GCC_WARN_UNINITIALIZED_AUTOS = YES_AGGRESSIVE;
				GCC_WARN_UNUSED_FUNCTION = YES;
				GCC_WARN_UNUSED_VARIABLE = YES;
				IPHONEOS_DEPLOYMENT_TARGET = 11.4;
				MTL_ENABLE_DEBUG_INFO = NO;
				SDKROOT = iphoneos;
				SWIFT_COMPILATION_MODE = wholemodule;
				SWIFT_OPTIMIZATION_LEVEL = "-O";
				VALIDATE_PRODUCT = YES;
			};
			name = Release;
		};
		119E7336218CDCEE00A8B800 /* Debug */ = {
			isa = XCBuildConfiguration;
			buildSettings = {
				ASSETCATALOG_COMPILER_APPICON_NAME = AppIcon;
				CODE_SIGN_STYLE = Automatic;
				DEVELOPMENT_TEAM = 8PK9W73UA5;
				INFOPLIST_FILE = "iNav UW/Info.plist";
				LD_RUNPATH_SEARCH_PATHS = (
					"$(inherited)",
					"@executable_path/Frameworks",
				);
				PRODUCT_BUNDLE_IDENTIFIER = "com.inavuw.iNav-UW";
				PRODUCT_NAME = "$(TARGET_NAME)";
				SWIFT_VERSION = 4.0;
				TARGETED_DEVICE_FAMILY = "1,2";
			};
			name = Debug;
		};
		119E7337218CDCEE00A8B800 /* Release */ = {
			isa = XCBuildConfiguration;
			buildSettings = {
				ASSETCATALOG_COMPILER_APPICON_NAME = AppIcon;
				CODE_SIGN_STYLE = Automatic;
				DEVELOPMENT_TEAM = 8PK9W73UA5;
				INFOPLIST_FILE = "iNav UW/Info.plist";
				LD_RUNPATH_SEARCH_PATHS = (
					"$(inherited)",
					"@executable_path/Frameworks",
				);
				PRODUCT_BUNDLE_IDENTIFIER = "com.inavuw.iNav-UW";
				PRODUCT_NAME = "$(TARGET_NAME)";
				SWIFT_VERSION = 4.0;
				TARGETED_DEVICE_FAMILY = "1,2";
			};
			name = Release;
		};
		119E7339218CDCEE00A8B800 /* Debug */ = {
			isa = XCBuildConfiguration;
			buildSettings = {
				ALWAYS_EMBED_SWIFT_STANDARD_LIBRARIES = YES;
				BUNDLE_LOADER = "$(TEST_HOST)";
				CODE_SIGN_STYLE = Automatic;
				DEVELOPMENT_TEAM = 8PK9W73UA5;
				INFOPLIST_FILE = "iNav UWTests/Info.plist";
				LD_RUNPATH_SEARCH_PATHS = (
					"$(inherited)",
					"@executable_path/Frameworks",
					"@loader_path/Frameworks",
				);
				PRODUCT_BUNDLE_IDENTIFIER = "com.inavuw.iNav-UWTests";
				PRODUCT_NAME = "$(TARGET_NAME)";
				SWIFT_VERSION = 4.0;
				TARGETED_DEVICE_FAMILY = "1,2";
				TEST_HOST = "$(BUILT_PRODUCTS_DIR)/iNav UW.app/iNav UW";
			};
			name = Debug;
		};
		119E733A218CDCEE00A8B800 /* Release */ = {
			isa = XCBuildConfiguration;
			buildSettings = {
				ALWAYS_EMBED_SWIFT_STANDARD_LIBRARIES = YES;
				BUNDLE_LOADER = "$(TEST_HOST)";
				CODE_SIGN_STYLE = Automatic;
				DEVELOPMENT_TEAM = 8PK9W73UA5;
				INFOPLIST_FILE = "iNav UWTests/Info.plist";
				LD_RUNPATH_SEARCH_PATHS = (
					"$(inherited)",
					"@executable_path/Frameworks",
					"@loader_path/Frameworks",
				);
				PRODUCT_BUNDLE_IDENTIFIER = "com.inavuw.iNav-UWTests";
				PRODUCT_NAME = "$(TARGET_NAME)";
				SWIFT_VERSION = 4.0;
				TARGETED_DEVICE_FAMILY = "1,2";
				TEST_HOST = "$(BUILT_PRODUCTS_DIR)/iNav UW.app/iNav UW";
			};
			name = Release;
		};
/* End XCBuildConfiguration section */

/* Begin XCConfigurationList section */
		119E7313218CDCED00A8B800 /* Build configuration list for PBXProject "iNav UW" */ = {
			isa = XCConfigurationList;
			buildConfigurations = (
				119E7333218CDCEE00A8B800 /* Debug */,
				119E7334218CDCEE00A8B800 /* Release */,
			);
			defaultConfigurationIsVisible = 0;
			defaultConfigurationName = Release;
		};
		119E7335218CDCEE00A8B800 /* Build configuration list for PBXNativeTarget "iNav UW" */ = {
			isa = XCConfigurationList;
			buildConfigurations = (
				119E7336218CDCEE00A8B800 /* Debug */,
				119E7337218CDCEE00A8B800 /* Release */,
			);
			defaultConfigurationIsVisible = 0;
			defaultConfigurationName = Release;
		};
		119E7338218CDCEE00A8B800 /* Build configuration list for PBXNativeTarget "iNav UWTests" */ = {
			isa = XCConfigurationList;
			buildConfigurations = (
				119E7339218CDCEE00A8B800 /* Debug */,
				119E733A218CDCEE00A8B800 /* Release */,
			);
			defaultConfigurationIsVisible = 0;
			defaultConfigurationName = Release;
		};
/* End XCConfigurationList section */
	};
	rootObject = 119E7310218CDCED00A8B800 /* Project object */;
}
