// !$*UTF8*$!
{
	archiveVersion = 1;
	classes = {
	};
	objectVersion = 50;
	objects = {

/* Begin PBXBuildFile section */
		1114CC342190E83F00770437 /* Search.storyboard in Resources */ = {isa = PBXBuildFile; fileRef = 1114CC322190E83F00770437 /* Search.storyboard */; };
		1114CC372190E87200770437 /* SearchViewController.swift in Sources */ = {isa = PBXBuildFile; fileRef = 1114CC362190E87200770437 /* SearchViewController.swift */; };
		1114CC3E21915E7000770437 /* SearchTableViewCell.swift in Sources */ = {isa = PBXBuildFile; fileRef = 1114CC3D21915E7000770437 /* SearchTableViewCell.swift */; };
		11818E412192A27C00DA1AA2 /* ApiKeys.swift in Sources */ = {isa = PBXBuildFile; fileRef = 11818E402192A27C00DA1AA2 /* ApiKeys.swift */; };
		119E731C218CDCED00A8B800 /* AppDelegate.swift in Sources */ = {isa = PBXBuildFile; fileRef = 119E731B218CDCED00A8B800 /* AppDelegate.swift */; };
		119E731E218CDCED00A8B800 /* MainViewController.swift in Sources */ = {isa = PBXBuildFile; fileRef = 119E731D218CDCED00A8B800 /* MainViewController.swift */; };
		119E7321218CDCED00A8B800 /* Main.storyboard in Resources */ = {isa = PBXBuildFile; fileRef = 119E731F218CDCED00A8B800 /* Main.storyboard */; };
		119E7323218CDCEE00A8B800 /* Assets.xcassets in Resources */ = {isa = PBXBuildFile; fileRef = 119E7322218CDCEE00A8B800 /* Assets.xcassets */; };
		119E7326218CDCEE00A8B800 /* LaunchScreen.storyboard in Resources */ = {isa = PBXBuildFile; fileRef = 119E7324218CDCEE00A8B800 /* LaunchScreen.storyboard */; };
		119E7331218CDCEE00A8B800 /* iNav_UWTests.swift in Sources */ = {isa = PBXBuildFile; fileRef = 119E7330218CDCEE00A8B800 /* iNav_UWTests.swift */; };
		119E733E218CED9900A8B800 /* CAE-2.svg in Resources */ = {isa = PBXBuildFile; fileRef = 119E733D218CED9900A8B800 /* CAE-2.svg */; };
		119E7347218CF73A00A8B800 /* DesignableView.swift in Sources */ = {isa = PBXBuildFile; fileRef = 119E7346218CF73A00A8B800 /* DesignableView.swift */; };
		119E7349218D05A300A8B800 /* UIViewController+BlurEffects.swift in Sources */ = {isa = PBXBuildFile; fileRef = 119E7348218D05A300A8B800 /* UIViewController+BlurEffects.swift */; };
		119E734B218D083C00A8B800 /* Constants.swift in Sources */ = {isa = PBXBuildFile; fileRef = 119E734A218D083C00A8B800 /* Constants.swift */; };
		119E734D218D0D1500A8B800 /* POICollectionViewCell.swift in Sources */ = {isa = PBXBuildFile; fileRef = 119E734C218D0D1500A8B800 /* POICollectionViewCell.swift */; };
		11DDABBF2193EBC800929EE4 /* SectionTitleTableViewCell.swift in Sources */ = {isa = PBXBuildFile; fileRef = 11DDABBE2193EBC800929EE4 /* SectionTitleTableViewCell.swift */; };
		11E8FE3A219E702100395CE3 /* Locations.json in Resources */ = {isa = PBXBuildFile; fileRef = 11E8FE39219E702100395CE3 /* Locations.json */; };
		11E8FE3C219E705C00395CE3 /* Locations.swift in Sources */ = {isa = PBXBuildFile; fileRef = 11E8FE3B219E705C00395CE3 /* Locations.swift */; };
		B55F4B4BD77D6E65162E036E /* Pods_iNav_UW.framework in Frameworks */ = {isa = PBXBuildFile; fileRef = 314A89AEABAD48A8BA38438B /* Pods_iNav_UW.framework */; };
/* End PBXBuildFile section */

/* Begin PBXContainerItemProxy section */
		119E732D218CDCEE00A8B800 /* PBXContainerItemProxy */ = {
			isa = PBXContainerItemProxy;
			containerPortal = 119E7310218CDCED00A8B800 /* Project object */;
			proxyType = 1;
			remoteGlobalIDString = 119E7317218CDCED00A8B800;
			remoteInfo = "iNav UW";
		};
/* End PBXContainerItemProxy section */

/* Begin PBXFileReference section */
		0CADD5EF709001E1B41DE019 /* Pods-iNav UW.debug.xcconfig */ = {isa = PBXFileReference; includeInIndex = 1; lastKnownFileType = text.xcconfig; name = "Pods-iNav UW.debug.xcconfig"; path = "Pods/Target Support Files/Pods-iNav UW/Pods-iNav UW.debug.xcconfig"; sourceTree = "<group>"; };
		1114CC332190E83F00770437 /* Base */ = {isa = PBXFileReference; lastKnownFileType = file.storyboard; name = Base; path = "iNav UW/Main Page/Base.lproj/Search.storyboard"; sourceTree = "<group>"; };
		1114CC362190E87200770437 /* SearchViewController.swift */ = {isa = PBXFileReference; lastKnownFileType = sourcecode.swift; path = SearchViewController.swift; sourceTree = "<group>"; };
		1114CC3D21915E7000770437 /* SearchTableViewCell.swift */ = {isa = PBXFileReference; lastKnownFileType = sourcecode.swift; path = SearchTableViewCell.swift; sourceTree = "<group>"; };
		11818E402192A27C00DA1AA2 /* ApiKeys.swift */ = {isa = PBXFileReference; lastKnownFileType = sourcecode.swift; path = ApiKeys.swift; sourceTree = "<group>"; };
		119E7318218CDCED00A8B800 /* iNav UW.app */ = {isa = PBXFileReference; explicitFileType = wrapper.application; includeInIndex = 0; path = "iNav UW.app"; sourceTree = BUILT_PRODUCTS_DIR; };
		119E731B218CDCED00A8B800 /* AppDelegate.swift */ = {isa = PBXFileReference; lastKnownFileType = sourcecode.swift; path = AppDelegate.swift; sourceTree = "<group>"; };
		119E731D218CDCED00A8B800 /* MainViewController.swift */ = {isa = PBXFileReference; lastKnownFileType = sourcecode.swift; path = MainViewController.swift; sourceTree = "<group>"; };
		119E7320218CDCED00A8B800 /* Base */ = {isa = PBXFileReference; lastKnownFileType = file.storyboard; name = Base; path = Base.lproj/Main.storyboard; sourceTree = "<group>"; };
		119E7322218CDCEE00A8B800 /* Assets.xcassets */ = {isa = PBXFileReference; lastKnownFileType = folder.assetcatalog; path = Assets.xcassets; sourceTree = "<group>"; };
		119E7325218CDCEE00A8B800 /* Base */ = {isa = PBXFileReference; lastKnownFileType = file.storyboard; name = Base; path = Base.lproj/LaunchScreen.storyboard; sourceTree = "<group>"; };
		119E7327218CDCEE00A8B800 /* Info.plist */ = {isa = PBXFileReference; lastKnownFileType = text.plist.xml; path = Info.plist; sourceTree = "<group>"; };
		119E732C218CDCEE00A8B800 /* iNav UWTests.xctest */ = {isa = PBXFileReference; explicitFileType = wrapper.cfbundle; includeInIndex = 0; path = "iNav UWTests.xctest"; sourceTree = BUILT_PRODUCTS_DIR; };
		119E7330218CDCEE00A8B800 /* iNav_UWTests.swift */ = {isa = PBXFileReference; lastKnownFileType = sourcecode.swift; path = iNav_UWTests.swift; sourceTree = "<group>"; };
		119E7332218CDCEE00A8B800 /* Info.plist */ = {isa = PBXFileReference; lastKnownFileType = text.plist.xml; path = Info.plist; sourceTree = "<group>"; };
		119E733D218CED9900A8B800 /* CAE-2.svg */ = {isa = PBXFileReference; fileEncoding = 4; lastKnownFileType = text.xml; path = "CAE-2.svg"; sourceTree = "<group>"; };
		119E7346218CF73A00A8B800 /* DesignableView.swift */ = {isa = PBXFileReference; lastKnownFileType = sourcecode.swift; path = DesignableView.swift; sourceTree = "<group>"; };
		119E7348218D05A300A8B800 /* UIViewController+BlurEffects.swift */ = {isa = PBXFileReference; lastKnownFileType = sourcecode.swift; path = "UIViewController+BlurEffects.swift"; sourceTree = "<group>"; };
		119E734A218D083C00A8B800 /* Constants.swift */ = {isa = PBXFileReference; lastKnownFileType = sourcecode.swift; path = Constants.swift; sourceTree = "<group>"; };
		119E734C218D0D1500A8B800 /* POICollectionViewCell.swift */ = {isa = PBXFileReference; lastKnownFileType = sourcecode.swift; path = POICollectionViewCell.swift; sourceTree = "<group>"; };
		11DDABBE2193EBC800929EE4 /* SectionTitleTableViewCell.swift */ = {isa = PBXFileReference; lastKnownFileType = sourcecode.swift; path = SectionTitleTableViewCell.swift; sourceTree = "<group>"; };
		11E8FE39219E702100395CE3 /* Locations.json */ = {isa = PBXFileReference; fileEncoding = 4; lastKnownFileType = text.json; path = Locations.json; sourceTree = "<group>"; };
		11E8FE3B219E705C00395CE3 /* Locations.swift */ = {isa = PBXFileReference; lastKnownFileType = sourcecode.swift; path = Locations.swift; sourceTree = "<group>"; };
		314A89AEABAD48A8BA38438B /* Pods_iNav_UW.framework */ = {isa = PBXFileReference; explicitFileType = wrapper.framework; includeInIndex = 0; path = Pods_iNav_UW.framework; sourceTree = BUILT_PRODUCTS_DIR; };
		ACED9B12996FF554B9B71903 /* Pods-iNav UW.release.xcconfig */ = {isa = PBXFileReference; includeInIndex = 1; lastKnownFileType = text.xcconfig; name = "Pods-iNav UW.release.xcconfig"; path = "Pods/Target Support Files/Pods-iNav UW/Pods-iNav UW.release.xcconfig"; sourceTree = "<group>"; };
/* End PBXFileReference section */

/* Begin PBXFrameworksBuildPhase section */
		119E7315218CDCED00A8B800 /* Frameworks */ = {
			isa = PBXFrameworksBuildPhase;
			buildActionMask = 2147483647;
			files = (
				B55F4B4BD77D6E65162E036E /* Pods_iNav_UW.framework in Frameworks */,
			);
			runOnlyForDeploymentPostprocessing = 0;
		};
		119E7329218CDCEE00A8B800 /* Frameworks */ = {
			isa = PBXFrameworksBuildPhase;
			buildActionMask = 2147483647;
			files = (
			);
			runOnlyForDeploymentPostprocessing = 0;
		};
/* End PBXFrameworksBuildPhase section */

/* Begin PBXGroup section */
		0FAA1D4FE2C8E459D0A39A39 /* Pods */ = {
			isa = PBXGroup;
			children = (
				0CADD5EF709001E1B41DE019 /* Pods-iNav UW.debug.xcconfig */,
				ACED9B12996FF554B9B71903 /* Pods-iNav UW.release.xcconfig */,
			);
			name = Pods;
			sourceTree = "<group>";
		};
		1114CC352190E84900770437 /* Search Page */ = {
			isa = PBXGroup;
			children = (
				1114CC322190E83F00770437 /* Search.storyboard */,
				1114CC362190E87200770437 /* SearchViewController.swift */,
				1114CC3D21915E7000770437 /* SearchTableViewCell.swift */,
				11DDABBE2193EBC800929EE4 /* SectionTitleTableViewCell.swift */,
			);
			path = "Search Page";
			sourceTree = "<group>";
		};
		119E730F218CDCED00A8B800 = {
			isa = PBXGroup;
			children = (
				119E731A218CDCED00A8B800 /* iNav UW */,
				119E732F218CDCEE00A8B800 /* iNav UWTests */,
				119E7319218CDCED00A8B800 /* Products */,
				0FAA1D4FE2C8E459D0A39A39 /* Pods */,
				E64E1F44B9C8484DEA38097E /* Frameworks */,
			);
			sourceTree = "<group>";
		};
		119E7319218CDCED00A8B800 /* Products */ = {
			isa = PBXGroup;
			children = (
				119E7318218CDCED00A8B800 /* iNav UW.app */,
				119E732C218CDCEE00A8B800 /* iNav UWTests.xctest */,
			);
			name = Products;
			sourceTree = "<group>";
		};
		119E731A218CDCED00A8B800 /* iNav UW */ = {
			isa = PBXGroup;
			children = (
				119E733F218CF07D00A8B800 /* Resources */,
				119E7341218CF0A400A8B800 /* Support Files */,
				119E7343218CF65100A8B800 /* Common */,
				1114CC352190E84900770437 /* Search Page */,
				119E7342218CF14A00A8B800 /* Main Page */,
				11E8FE38219E6FFC00395CE3 /* Models */,
			);
			path = "iNav UW";
			sourceTree = "<group>";
		};
		119E732F218CDCEE00A8B800 /* iNav UWTests */ = {
			isa = PBXGroup;
			children = (
				119E7330218CDCEE00A8B800 /* iNav_UWTests.swift */,
				119E7332218CDCEE00A8B800 /* Info.plist */,
			);
			path = "iNav UWTests";
			sourceTree = "<group>";
		};
		119E733F218CF07D00A8B800 /* Resources */ = {
			isa = PBXGroup;
			children = (
				11E8FE39219E702100395CE3 /* Locations.json */,
				119E7322218CDCEE00A8B800 /* Assets.xcassets */,
				119E7340218CF08B00A8B800 /* Vectors */,
			);
			path = Resources;
			sourceTree = "<group>";
		};
		119E7340218CF08B00A8B800 /* Vectors */ = {
			isa = PBXGroup;
			children = (
				119E733D218CED9900A8B800 /* CAE-2.svg */,
			);
			path = Vectors;
			sourceTree = "<group>";
		};
		119E7341218CF0A400A8B800 /* Support Files */ = {
			isa = PBXGroup;
			children = (
				119E731B218CDCED00A8B800 /* AppDelegate.swift */,
				11818E402192A27C00DA1AA2 /* ApiKeys.swift */,
				119E7324218CDCEE00A8B800 /* LaunchScreen.storyboard */,
				119E7327218CDCEE00A8B800 /* Info.plist */,
			);
			path = "Support Files";
			sourceTree = "<group>";
		};
		119E7342218CF14A00A8B800 /* Main Page */ = {
			isa = PBXGroup;
			children = (
				119E731F218CDCED00A8B800 /* Main.storyboard */,
				119E731D218CDCED00A8B800 /* MainViewController.swift */,
				119E734C218D0D1500A8B800 /* POICollectionViewCell.swift */,
			);
			path = "Main Page";
			sourceTree = "<group>";
		};
		119E7343218CF65100A8B800 /* Common */ = {
			isa = PBXGroup;
			children = (
				119E7346218CF73A00A8B800 /* DesignableView.swift */,
				119E7348218D05A300A8B800 /* UIViewController+BlurEffects.swift */,
				119E734A218D083C00A8B800 /* Constants.swift */,
			);
			path = Common;
			sourceTree = "<group>";
		};
		11E8FE38219E6FFC00395CE3 /* Models */ = {
			isa = PBXGroup;
			children = (
				11E8FE3B219E705C00395CE3 /* Locations.swift */,
			);
			path = Models;
			sourceTree = "<group>";
		};
		E64E1F44B9C8484DEA38097E /* Frameworks */ = {
			isa = PBXGroup;
			children = (
				314A89AEABAD48A8BA38438B /* Pods_iNav_UW.framework */,
			);
			name = Frameworks;
			sourceTree = "<group>";
		};
/* End PBXGroup section */

/* Begin PBXNativeTarget section */
		119E7317218CDCED00A8B800 /* iNav UW */ = {
			isa = PBXNativeTarget;
			buildConfigurationList = 119E7335218CDCEE00A8B800 /* Build configuration list for PBXNativeTarget "iNav UW" */;
			buildPhases = (
				78F3A3C658CB51D414D3CCF4 /* [CP] Check Pods Manifest.lock */,
				119E7314218CDCED00A8B800 /* Sources */,
				119E7315218CDCED00A8B800 /* Frameworks */,
				119E7316218CDCED00A8B800 /* Resources */,
				D330519225B8DB853100EF50 /* [CP] Embed Pods Frameworks */,
			);
			buildRules = (
			);
			dependencies = (
			);
			name = "iNav UW";
			productName = "iNav UW";
			productReference = 119E7318218CDCED00A8B800 /* iNav UW.app */;
			productType = "com.apple.product-type.application";
		};
		119E732B218CDCEE00A8B800 /* iNav UWTests */ = {
			isa = PBXNativeTarget;
			buildConfigurationList = 119E7338218CDCEE00A8B800 /* Build configuration list for PBXNativeTarget "iNav UWTests" */;
			buildPhases = (
				119E7328218CDCEE00A8B800 /* Sources */,
				119E7329218CDCEE00A8B800 /* Frameworks */,
				119E732A218CDCEE00A8B800 /* Resources */,
			);
			buildRules = (
			);
			dependencies = (
				119E732E218CDCEE00A8B800 /* PBXTargetDependency */,
			);
			name = "iNav UWTests";
			productName = "iNav UWTests";
			productReference = 119E732C218CDCEE00A8B800 /* iNav UWTests.xctest */;
			productType = "com.apple.product-type.bundle.unit-test";
		};
/* End PBXNativeTarget section */

/* Begin PBXProject section */
		119E7310218CDCED00A8B800 /* Project object */ = {
			isa = PBXProject;
			attributes = {
				LastSwiftUpdateCheck = 0940;
				LastUpgradeCheck = 0940;
				ORGANIZATIONNAME = CS506;
				TargetAttributes = {
					119E7317218CDCED00A8B800 = {
						CreatedOnToolsVersion = 9.4.1;
					};
					119E732B218CDCEE00A8B800 = {
						CreatedOnToolsVersion = 9.4.1;
						TestTargetID = 119E7317218CDCED00A8B800;
					};
				};
			};
			buildConfigurationList = 119E7313218CDCED00A8B800 /* Build configuration list for PBXProject "iNav UW" */;
			compatibilityVersion = "Xcode 9.3";
			developmentRegion = en;
			hasScannedForEncodings = 0;
			knownRegions = (
				en,
				Base,
			);
			mainGroup = 119E730F218CDCED00A8B800;
			productRefGroup = 119E7319218CDCED00A8B800 /* Products */;
			projectDirPath = "";
			projectRoot = "";
			targets = (
				119E7317218CDCED00A8B800 /* iNav UW */,
				119E732B218CDCEE00A8B800 /* iNav UWTests */,
			);
		};
/* End PBXProject section */

/* Begin PBXResourcesBuildPhase section */
		119E7316218CDCED00A8B800 /* Resources */ = {
			isa = PBXResourcesBuildPhase;
			buildActionMask = 2147483647;
			files = (
				119E7326218CDCEE00A8B800 /* LaunchScreen.storyboard in Resources */,
				119E7323218CDCEE00A8B800 /* Assets.xcassets in Resources */,
				11E8FE3A219E702100395CE3 /* Locations.json in Resources */,
				119E733E218CED9900A8B800 /* CAE-2.svg in Resources */,
				119E7321218CDCED00A8B800 /* Main.storyboard in Resources */,
				1114CC342190E83F00770437 /* Search.storyboard in Resources */,
			);
			runOnlyForDeploymentPostprocessing = 0;
		};
		119E732A218CDCEE00A8B800 /* Resources */ = {
			isa = PBXResourcesBuildPhase;
			buildActionMask = 2147483647;
			files = (
			);
			runOnlyForDeploymentPostprocessing = 0;
		};
/* End PBXResourcesBuildPhase section */

/* Begin PBXShellScriptBuildPhase section */
		78F3A3C658CB51D414D3CCF4 /* [CP] Check Pods Manifest.lock */ = {
			isa = PBXShellScriptBuildPhase;
			buildActionMask = 2147483647;
			files = (
			);
			inputPaths = (
				"${PODS_PODFILE_DIR_PATH}/Podfile.lock",
				"${PODS_ROOT}/Manifest.lock",
			);
			name = "[CP] Check Pods Manifest.lock";
			outputPaths = (
				"$(DERIVED_FILE_DIR)/Pods-iNav UW-checkManifestLockResult.txt",
			);
			runOnlyForDeploymentPostprocessing = 0;
			shellPath = /bin/sh;
			shellScript = "diff \"${PODS_PODFILE_DIR_PATH}/Podfile.lock\" \"${PODS_ROOT}/Manifest.lock\" > /dev/null\nif [ $? != 0 ] ; then\n    # print error to STDERR\n    echo \"error: The sandbox is not in sync with the Podfile.lock. Run 'pod install' or update your CocoaPods installation.\" >&2\n    exit 1\nfi\n# This output is used by Xcode 'outputs' to avoid re-running this script phase.\necho \"SUCCESS\" > \"${SCRIPT_OUTPUT_FILE_0}\"\n";
			showEnvVarsInLog = 0;
		};
		D330519225B8DB853100EF50 /* [CP] Embed Pods Frameworks */ = {
			isa = PBXShellScriptBuildPhase;
			buildActionMask = 2147483647;
			files = (
			);
			inputPaths = (
				"${SRCROOT}/Pods/Target Support Files/Pods-iNav UW/Pods-iNav UW-frameworks.sh",
				"${PODS_ROOT}/IndoorAtlas/indooratlas-ios-sdk/IndoorAtlas.framework",
				"${BUILT_PRODUCTS_DIR}/SideMenu/SideMenu.framework",
				"${BUILT_PRODUCTS_DIR}/SwiftyJSON/SwiftyJSON.framework",
			);
			name = "[CP] Embed Pods Frameworks";
			outputPaths = (
				"${TARGET_BUILD_DIR}/${FRAMEWORKS_FOLDER_PATH}/IndoorAtlas.framework",
				"${TARGET_BUILD_DIR}/${FRAMEWORKS_FOLDER_PATH}/SideMenu.framework",
				"${TARGET_BUILD_DIR}/${FRAMEWORKS_FOLDER_PATH}/SwiftyJSON.framework",
			);
			runOnlyForDeploymentPostprocessing = 0;
			shellPath = /bin/sh;
			shellScript = "\"${SRCROOT}/Pods/Target Support Files/Pods-iNav UW/Pods-iNav UW-frameworks.sh\"\n";
			showEnvVarsInLog = 0;
		};
/* End PBXShellScriptBuildPhase section */

/* Begin PBXSourcesBuildPhase section */
		119E7314218CDCED00A8B800 /* Sources */ = {
			isa = PBXSourcesBuildPhase;
			buildActionMask = 2147483647;
			files = (
				119E734B218D083C00A8B800 /* Constants.swift in Sources */,
				1114CC372190E87200770437 /* SearchViewController.swift in Sources */,
				11818E412192A27C00DA1AA2 /* ApiKeys.swift in Sources */,
				119E7347218CF73A00A8B800 /* DesignableView.swift in Sources */,
				119E731E218CDCED00A8B800 /* MainViewController.swift in Sources */,
				119E7349218D05A300A8B800 /* UIViewController+BlurEffects.swift in Sources */,
				1114CC3E21915E7000770437 /* SearchTableViewCell.swift in Sources */,
				119E731C218CDCED00A8B800 /* AppDelegate.swift in Sources */,
				11DDABBF2193EBC800929EE4 /* SectionTitleTableViewCell.swift in Sources */,
				11E8FE3C219E705C00395CE3 /* Locations.swift in Sources */,
				119E734D218D0D1500A8B800 /* POICollectionViewCell.swift in Sources */,
			);
			runOnlyForDeploymentPostprocessing = 0;
		};
		119E7328218CDCEE00A8B800 /* Sources */ = {
			isa = PBXSourcesBuildPhase;
			buildActionMask = 2147483647;
			files = (
				119E7331218CDCEE00A8B800 /* iNav_UWTests.swift in Sources */,
			);
			runOnlyForDeploymentPostprocessing = 0;
		};
/* End PBXSourcesBuildPhase section */

/* Begin PBXTargetDependency section */
		119E732E218CDCEE00A8B800 /* PBXTargetDependency */ = {
			isa = PBXTargetDependency;
			target = 119E7317218CDCED00A8B800 /* iNav UW */;
			targetProxy = 119E732D218CDCEE00A8B800 /* PBXContainerItemProxy */;
		};
/* End PBXTargetDependency section */

/* Begin PBXVariantGroup section */
		1114CC322190E83F00770437 /* Search.storyboard */ = {
			isa = PBXVariantGroup;
			children = (
				1114CC332190E83F00770437 /* Base */,
			);
			name = Search.storyboard;
			sourceTree = "<group>";
		};
		119E731F218CDCED00A8B800 /* Main.storyboard */ = {
			isa = PBXVariantGroup;
			children = (
				119E7320218CDCED00A8B800 /* Base */,
			);
			name = Main.storyboard;
			sourceTree = "<group>";
		};
		119E7324218CDCEE00A8B800 /* LaunchScreen.storyboard */ = {
			isa = PBXVariantGroup;
			children = (
				119E7325218CDCEE00A8B800 /* Base */,
			);
			name = LaunchScreen.storyboard;
			sourceTree = "<group>";
		};
/* End PBXVariantGroup section */

/* Begin XCBuildConfiguration section */
		119E7333218CDCEE00A8B800 /* Debug */ = {
			isa = XCBuildConfiguration;
			buildSettings = {
				ALWAYS_SEARCH_USER_PATHS = NO;
				CLANG_ANALYZER_NONNULL = YES;
				CLANG_ANALYZER_NUMBER_OBJECT_CONVERSION = YES_AGGRESSIVE;
				CLANG_CXX_LANGUAGE_STANDARD = "gnu++14";
				CLANG_CXX_LIBRARY = "libc++";
				CLANG_ENABLE_MODULES = YES;
				CLANG_ENABLE_OBJC_ARC = YES;
				CLANG_ENABLE_OBJC_WEAK = YES;
				CLANG_WARN_BLOCK_CAPTURE_AUTORELEASING = YES;
				CLANG_WARN_BOOL_CONVERSION = YES;
				CLANG_WARN_COMMA = YES;
				CLANG_WARN_CONSTANT_CONVERSION = YES;
				CLANG_WARN_DEPRECATED_OBJC_IMPLEMENTATIONS = YES;
				CLANG_WARN_DIRECT_OBJC_ISA_USAGE = YES_ERROR;
				CLANG_WARN_DOCUMENTATION_COMMENTS = YES;
				CLANG_WARN_EMPTY_BODY = YES;
				CLANG_WARN_ENUM_CONVERSION = YES;
				CLANG_WARN_INFINITE_RECURSION = YES;
				CLANG_WARN_INT_CONVERSION = YES;
				CLANG_WARN_NON_LITERAL_NULL_CONVERSION = YES;
				CLANG_WARN_OBJC_IMPLICIT_RETAIN_SELF = YES;
				CLANG_WARN_OBJC_LITERAL_CONVERSION = YES;
				CLANG_WARN_OBJC_ROOT_CLASS = YES_ERROR;
				CLANG_WARN_RANGE_LOOP_ANALYSIS = YES;
				CLANG_WARN_STRICT_PROTOTYPES = YES;
				CLANG_WARN_SUSPICIOUS_MOVE = YES;
				CLANG_WARN_UNGUARDED_AVAILABILITY = YES_AGGRESSIVE;
				CLANG_WARN_UNREACHABLE_CODE = YES;
				CLANG_WARN__DUPLICATE_METHOD_MATCH = YES;
				CODE_SIGN_IDENTITY = "iPhone Developer";
				COPY_PHASE_STRIP = NO;
				DEBUG_INFORMATION_FORMAT = dwarf;
				ENABLE_STRICT_OBJC_MSGSEND = YES;
				ENABLE_TESTABILITY = YES;
				GCC_C_LANGUAGE_STANDARD = gnu11;
				GCC_DYNAMIC_NO_PIC = NO;
				GCC_NO_COMMON_BLOCKS = YES;
				GCC_OPTIMIZATION_LEVEL = 0;
				GCC_PREPROCESSOR_DEFINITIONS = (
					"DEBUG=1",
					"$(inherited)",
				);
				GCC_WARN_64_TO_32_BIT_CONVERSION = YES;
				GCC_WARN_ABOUT_RETURN_TYPE = YES_ERROR;
				GCC_WARN_UNDECLARED_SELECTOR = YES;
				GCC_WARN_UNINITIALIZED_AUTOS = YES_AGGRESSIVE;
				GCC_WARN_UNUSED_FUNCTION = YES;
				GCC_WARN_UNUSED_VARIABLE = YES;
				IPHONEOS_DEPLOYMENT_TARGET = 11.4;
				MTL_ENABLE_DEBUG_INFO = YES;
				ONLY_ACTIVE_ARCH = YES;
				SDKROOT = iphoneos;
				SWIFT_ACTIVE_COMPILATION_CONDITIONS = DEBUG;
				SWIFT_OPTIMIZATION_LEVEL = "-Onone";
			};
			name = Debug;
		};
		119E7334218CDCEE00A8B800 /* Release */ = {
			isa = XCBuildConfiguration;
			buildSettings = {
				ALWAYS_SEARCH_USER_PATHS = NO;
				CLANG_ANALYZER_NONNULL = YES;
				CLANG_ANALYZER_NUMBER_OBJECT_CONVERSION = YES_AGGRESSIVE;
				CLANG_CXX_LANGUAGE_STANDARD = "gnu++14";
				CLANG_CXX_LIBRARY = "libc++";
				CLANG_ENABLE_MODULES = YES;
				CLANG_ENABLE_OBJC_ARC = YES;
				CLANG_ENABLE_OBJC_WEAK = YES;
				CLANG_WARN_BLOCK_CAPTURE_AUTORELEASING = YES;
				CLANG_WARN_BOOL_CONVERSION = YES;
				CLANG_WARN_COMMA = YES;
				CLANG_WARN_CONSTANT_CONVERSION = YES;
				CLANG_WARN_DEPRECATED_OBJC_IMPLEMENTATIONS = YES;
				CLANG_WARN_DIRECT_OBJC_ISA_USAGE = YES_ERROR;
				CLANG_WARN_DOCUMENTATION_COMMENTS = YES;
				CLANG_WARN_EMPTY_BODY = YES;
				CLANG_WARN_ENUM_CONVERSION = YES;
				CLANG_WARN_INFINITE_RECURSION = YES;
				CLANG_WARN_INT_CONVERSION = YES;
				CLANG_WARN_NON_LITERAL_NULL_CONVERSION = YES;
				CLANG_WARN_OBJC_IMPLICIT_RETAIN_SELF = YES;
				CLANG_WARN_OBJC_LITERAL_CONVERSION = YES;
				CLANG_WARN_OBJC_ROOT_CLASS = YES_ERROR;
				CLANG_WARN_RANGE_LOOP_ANALYSIS = YES;
				CLANG_WARN_STRICT_PROTOTYPES = YES;
				CLANG_WARN_SUSPICIOUS_MOVE = YES;
				CLANG_WARN_UNGUARDED_AVAILABILITY = YES_AGGRESSIVE;
				CLANG_WARN_UNREACHABLE_CODE = YES;
				CLANG_WARN__DUPLICATE_METHOD_MATCH = YES;
				CODE_SIGN_IDENTITY = "iPhone Developer";
				COPY_PHASE_STRIP = NO;
				DEBUG_INFORMATION_FORMAT = "dwarf-with-dsym";
				ENABLE_NS_ASSERTIONS = NO;
				ENABLE_STRICT_OBJC_MSGSEND = YES;
				GCC_C_LANGUAGE_STANDARD = gnu11;
				GCC_NO_COMMON_BLOCKS = YES;
				GCC_WARN_64_TO_32_BIT_CONVERSION = YES;
				GCC_WARN_ABOUT_RETURN_TYPE = YES_ERROR;
				GCC_WARN_UNDECLARED_SELECTOR = YES;
				GCC_WARN_UNINITIALIZED_AUTOS = YES_AGGRESSIVE;
				GCC_WARN_UNUSED_FUNCTION = YES;
				GCC_WARN_UNUSED_VARIABLE = YES;
				IPHONEOS_DEPLOYMENT_TARGET = 11.4;
				MTL_ENABLE_DEBUG_INFO = NO;
				SDKROOT = iphoneos;
				SWIFT_COMPILATION_MODE = wholemodule;
				SWIFT_OPTIMIZATION_LEVEL = "-O";
				VALIDATE_PRODUCT = YES;
			};
			name = Release;
		};
		119E7336218CDCEE00A8B800 /* Debug */ = {
			isa = XCBuildConfiguration;
			baseConfigurationReference = 0CADD5EF709001E1B41DE019 /* Pods-iNav UW.debug.xcconfig */;
			buildSettings = {
				ASSETCATALOG_COMPILER_APPICON_NAME = AppIcon;
				CODE_SIGN_STYLE = Automatic;
				DEVELOPMENT_TEAM = 8PK9W73UA5;
				ENABLE_BITCODE = NO;
				INFOPLIST_FILE = "iNav UW/Support Files/Info.plist";
				LD_RUNPATH_SEARCH_PATHS = (
					"$(inherited)",
					"@executable_path/Frameworks",
				);
				PRODUCT_BUNDLE_IDENTIFIER = "com.inavuw.iNav-UW";
				PRODUCT_NAME = "$(TARGET_NAME)";
				SWIFT_VERSION = 4.0;
				TARGETED_DEVICE_FAMILY = "1,2";
			};
			name = Debug;
		};
		119E7337218CDCEE00A8B800 /* Release */ = {
			isa = XCBuildConfiguration;
			baseConfigurationReference = ACED9B12996FF554B9B71903 /* Pods-iNav UW.release.xcconfig */;
			buildSettings = {
				ASSETCATALOG_COMPILER_APPICON_NAME = AppIcon;
				CODE_SIGN_STYLE = Automatic;
				DEVELOPMENT_TEAM = 8PK9W73UA5;
				ENABLE_BITCODE = NO;
				INFOPLIST_FILE = "iNav UW/Support Files/Info.plist";
				LD_RUNPATH_SEARCH_PATHS = (
					"$(inherited)",
					"@executable_path/Frameworks",
				);
				PRODUCT_BUNDLE_IDENTIFIER = "com.inavuw.iNav-UW";
				PRODUCT_NAME = "$(TARGET_NAME)";
				SWIFT_VERSION = 4.0;
				TARGETED_DEVICE_FAMILY = "1,2";
			};
			name = Release;
		};
		119E7339218CDCEE00A8B800 /* Debug */ = {
			isa = XCBuildConfiguration;
			buildSettings = {
				ALWAYS_EMBED_SWIFT_STANDARD_LIBRARIES = YES;
				BUNDLE_LOADER = "$(TEST_HOST)";
				CODE_SIGN_STYLE = Automatic;
				DEVELOPMENT_TEAM = 8PK9W73UA5;
				INFOPLIST_FILE = "iNav UWTests/Info.plist";
				LD_RUNPATH_SEARCH_PATHS = (
					"$(inherited)",
					"@executable_path/Frameworks",
					"@loader_path/Frameworks",
				);
				PRODUCT_BUNDLE_IDENTIFIER = "com.inavuw.iNav-UWTests";
				PRODUCT_NAME = "$(TARGET_NAME)";
				SWIFT_VERSION = 4.0;
				TARGETED_DEVICE_FAMILY = "1,2";
				TEST_HOST = "$(BUILT_PRODUCTS_DIR)/iNav UW.app/iNav UW";
			};
			name = Debug;
		};
		119E733A218CDCEE00A8B800 /* Release */ = {
			isa = XCBuildConfiguration;
			buildSettings = {
				ALWAYS_EMBED_SWIFT_STANDARD_LIBRARIES = YES;
				BUNDLE_LOADER = "$(TEST_HOST)";
				CODE_SIGN_STYLE = Automatic;
				DEVELOPMENT_TEAM = 8PK9W73UA5;
				INFOPLIST_FILE = "iNav UWTests/Info.plist";
				LD_RUNPATH_SEARCH_PATHS = (
					"$(inherited)",
					"@executable_path/Frameworks",
					"@loader_path/Frameworks",
				);
				PRODUCT_BUNDLE_IDENTIFIER = "com.inavuw.iNav-UWTests";
				PRODUCT_NAME = "$(TARGET_NAME)";
				SWIFT_VERSION = 4.0;
				TARGETED_DEVICE_FAMILY = "1,2";
				TEST_HOST = "$(BUILT_PRODUCTS_DIR)/iNav UW.app/iNav UW";
			};
			name = Release;
		};
/* End XCBuildConfiguration section */

/* Begin XCConfigurationList section */
		119E7313218CDCED00A8B800 /* Build configuration list for PBXProject "iNav UW" */ = {
			isa = XCConfigurationList;
			buildConfigurations = (
				119E7333218CDCEE00A8B800 /* Debug */,
				119E7334218CDCEE00A8B800 /* Release */,
			);
			defaultConfigurationIsVisible = 0;
			defaultConfigurationName = Release;
		};
		119E7335218CDCEE00A8B800 /* Build configuration list for PBXNativeTarget "iNav UW" */ = {
			isa = XCConfigurationList;
			buildConfigurations = (
				119E7336218CDCEE00A8B800 /* Debug */,
				119E7337218CDCEE00A8B800 /* Release */,
			);
			defaultConfigurationIsVisible = 0;
			defaultConfigurationName = Release;
		};
		119E7338218CDCEE00A8B800 /* Build configuration list for PBXNativeTarget "iNav UWTests" */ = {
			isa = XCConfigurationList;
			buildConfigurations = (
				119E7339218CDCEE00A8B800 /* Debug */,
				119E733A218CDCEE00A8B800 /* Release */,
			);
			defaultConfigurationIsVisible = 0;
			defaultConfigurationName = Release;
		};
/* End XCConfigurationList section */
	};
	rootObject = 119E7310218CDCED00A8B800 /* Project object */;
}
